
Microsoft Visual Studio Solution File, Format Version 12.00
# Visual Studio Version 16
VisualStudioVersion = 16.0.30104.148
MinimumVisualStudioVersion = 10.0.40219.1
Project("{FAE04EC0-301F-11D3-BF4B-00C04F79EFBC}") = "AbstractFactoryPattern", "AbstractFactoryPattern\AbstractFactoryPattern.csproj", "{FEC239CA-BFC8-45A7-B7B3-2D4B879B5A6C}"
EndProject
Global
	GlobalSection(SolutionConfigurationPlatforms) = preSolution
		Debug|Any CPU = Debug|Any CPU
		Release|Any CPU = Release|Any CPU
	EndGlobalSection
	GlobalSection(ProjectConfigurationPlatforms) = postSolution
		{FEC239CA-BFC8-45A7-B7B3-2D4B879B5A6C}.Debug|Any CPU.ActiveCfg = Debug|Any CPU
		{FEC239CA-BFC8-45A7-B7B3-2D4B879B5A6C}.Debug|Any CPU.Build.0 = Debug|Any CPU
		{FEC239CA-BFC8-45A7-B7B3-2D4B879B5A6C}.Release|Any CPU.ActiveCfg = Release|Any CPU
		{FEC239CA-BFC8-45A7-B7B3-2D4B879B5A6C}.Release|Any CPU.Build.0 = Release|Any CPU
	EndGlobalSection
	GlobalSection(SolutionProperties) = preSolution
		HideSolutionNode = FALSE
	EndGlobalSection
	GlobalSection(ExtensibilityGlobals) = postSolution
		SolutionGuid = {ECEC7890-0D8E-4C85-A08C-8915F8DF4B9B}
	EndGlobalSection
EndGlobal
